
Microsoft Visual Studio Solution File, Format Version 12.00
# Visual Studio Version 16
VisualStudioVersion = 16.0.32901.82
MinimumVisualStudioVersion = 10.0.40219.1
Project("{FAE04EC0-301F-11D3-BF4B-00C04F79EFBC}") = "Discord_early_method", "Discord_early_method\Discord_early_method.csproj", "{812871C0-207A-4889-9020-E358ADEC9B30}"
EndProject
Global
	GlobalSection(SolutionConfigurationPlatforms) = preSolution
		Debug|Any CPU = Debug|Any CPU
		Release|Any CPU = Release|Any CPU
	EndGlobalSection
	GlobalSection(ProjectConfigurationPlatforms) = postSolution
		{812871C0-207A-4889-9020-E358ADEC9B30}.Debug|Any CPU.ActiveCfg = Debug|Any CPU
		{812871C0-207A-4889-9020-E358ADEC9B30}.Debug|Any CPU.Build.0 = Debug|Any CPU
		{812871C0-207A-4889-9020-E358ADEC9B30}.Release|Any CPU.ActiveCfg = Release|Any CPU
		{812871C0-207A-4889-9020-E358ADEC9B30}.Release|Any CPU.Build.0 = Release|Any CPU
	EndGlobalSection
	GlobalSection(SolutionProperties) = preSolution
		HideSolutionNode = FALSE
	EndGlobalSection
	GlobalSection(ExtensibilityGlobals) = postSolution
		SolutionGuid = {10C3E098-E86C-45D6-B53A-23672321CEFC}
	EndGlobalSection
EndGlobal
